
Microsoft Visual Studio Solution File, Format Version 12.00
# Visual Studio Version 17
VisualStudioVersion = 17.4.33205.214
MinimumVisualStudioVersion = 10.0.40219.1
Project("{FAE04EC0-301F-11D3-BF4B-00C04F79EFBC}") = "vettori lara", "vettori lara\vettori lara.csproj", "{1215C17D-F9A5-49A8-9760-CADA4203DB53}"
EndProject
Global
	GlobalSection(SolutionConfigurationPlatforms) = preSolution
		Debug|Any CPU = Debug|Any CPU
		Release|Any CPU = Release|Any CPU
	EndGlobalSection
	GlobalSection(ProjectConfigurationPlatforms) = postSolution
		{1215C17D-F9A5-49A8-9760-CADA4203DB53}.Debug|Any CPU.ActiveCfg = Debug|Any CPU
		{1215C17D-F9A5-49A8-9760-CADA4203DB53}.Debug|Any CPU.Build.0 = Debug|Any CPU
		{1215C17D-F9A5-49A8-9760-CADA4203DB53}.Release|Any CPU.ActiveCfg = Release|Any CPU
		{1215C17D-F9A5-49A8-9760-CADA4203DB53}.Release|Any CPU.Build.0 = Release|Any CPU
	EndGlobalSection
	GlobalSection(SolutionProperties) = preSolution
		HideSolutionNode = FALSE
	EndGlobalSection
	GlobalSection(ExtensibilityGlobals) = postSolution
		SolutionGuid = {B6590A9A-65F8-4D0B-A311-7FBA9FF885F6}
	EndGlobalSection
EndGlobal
